
Microsoft Visual Studio Solution File, Format Version 12.00
# Visual Studio Version 17
VisualStudioVersion = 17.14.36429.23
MinimumVisualStudioVersion = 10.0.40219.1
Project("{FAE04EC0-301F-11D3-BF4B-00C04F79EFBC}") = "POC.Playwright.Tests", "POC.Playwright.Tests\POC.Playwright.Tests.csproj", "{948DBD47-F561-4BD7-B167-615B39BB7E07}"
EndProject
Project("{FAE04EC0-301F-11D3-BF4B-00C04F79EFBC}") = "POC.Playwright.Core", "POC.Playwright.Core\POC.Playwright.Core.csproj", "{7BD6EFC7-9E57-4955-96B5-680AB1E72C47}"
EndProject
Project("{FAE04EC0-301F-11D3-BF4B-00C04F79EFBC}") = "POC.Playwright.Common", "POC.Playwright.Common\POC.Playwright.Common.csproj", "{2D7AADB9-17D6-4860-A28F-AF654A1680F9}"
EndProject
Project("{FAE04EC0-301F-11D3-BF4B-00C04F79EFBC}") = "POC.Playwright.Specflow.Tests", "POC.Playwright.Specflow.Tests\POC.Playwright.Specflow.Tests.csproj", "{468F031D-7096-4912-BFE3-8C6AA134776B}"
EndProject
Project("{FAE04EC0-301F-11D3-BF4B-00C04F79EFBC}") = "POC.Playwright.Api", "POC.Playwright.Api\POC.Playwright.Api.csproj", "{45228505-9476-4393-8EC7-23AAD8D586F5}"
EndProject
Project("{FAE04EC0-301F-11D3-BF4B-00C04F79EFBC}") = "POC.Playwright.Api.Tests", "POC.Playwright.Api.Tests\POC.Playwright.Api.Tests.csproj", "{99ECB58D-3415-498E-9A4A-675ADE0F2285}"
EndProject
Project("{FAE04EC0-301F-11D3-BF4B-00C04F79EFBC}") = "POC.Playwright.Pages", "POC.Playwright.Pages\POC.Playwright.Pages.csproj", "{01811FD2-4A31-47F7-B9CD-931AA27A16E4}"
EndProject
Global
	GlobalSection(SolutionConfigurationPlatforms) = preSolution
		Debug|Any CPU = Debug|Any CPU
		Release|Any CPU = Release|Any CPU
	EndGlobalSection
	GlobalSection(ProjectConfigurationPlatforms) = postSolution
		{948DBD47-F561-4BD7-B167-615B39BB7E07}.Debug|Any CPU.ActiveCfg = Debug|Any CPU
		{948DBD47-F561-4BD7-B167-615B39BB7E07}.Debug|Any CPU.Build.0 = Debug|Any CPU
		{948DBD47-F561-4BD7-B167-615B39BB7E07}.Release|Any CPU.ActiveCfg = Release|Any CPU
		{948DBD47-F561-4BD7-B167-615B39BB7E07}.Release|Any CPU.Build.0 = Release|Any CPU
		{7BD6EFC7-9E57-4955-96B5-680AB1E72C47}.Debug|Any CPU.ActiveCfg = Debug|Any CPU
		{7BD6EFC7-9E57-4955-96B5-680AB1E72C47}.Debug|Any CPU.Build.0 = Debug|Any CPU
		{7BD6EFC7-9E57-4955-96B5-680AB1E72C47}.Release|Any CPU.ActiveCfg = Release|Any CPU
		{7BD6EFC7-9E57-4955-96B5-680AB1E72C47}.Release|Any CPU.Build.0 = Release|Any CPU
		{2D7AADB9-17D6-4860-A28F-AF654A1680F9}.Debug|Any CPU.ActiveCfg = Debug|Any CPU
		{2D7AADB9-17D6-4860-A28F-AF654A1680F9}.Debug|Any CPU.Build.0 = Debug|Any CPU
		{2D7AADB9-17D6-4860-A28F-AF654A1680F9}.Release|Any CPU.ActiveCfg = Release|Any CPU
		{2D7AADB9-17D6-4860-A28F-AF654A1680F9}.Release|Any CPU.Build.0 = Release|Any CPU
		{468F031D-7096-4912-BFE3-8C6AA134776B}.Debug|Any CPU.ActiveCfg = Debug|Any CPU
		{468F031D-7096-4912-BFE3-8C6AA134776B}.Debug|Any CPU.Build.0 = Debug|Any CPU
		{468F031D-7096-4912-BFE3-8C6AA134776B}.Release|Any CPU.ActiveCfg = Release|Any CPU
		{468F031D-7096-4912-BFE3-8C6AA134776B}.Release|Any CPU.Build.0 = Release|Any CPU
		{45228505-9476-4393-8EC7-23AAD8D586F5}.Debug|Any CPU.ActiveCfg = Debug|Any CPU
		{45228505-9476-4393-8EC7-23AAD8D586F5}.Debug|Any CPU.Build.0 = Debug|Any CPU
		{45228505-9476-4393-8EC7-23AAD8D586F5}.Release|Any CPU.ActiveCfg = Release|Any CPU
		{45228505-9476-4393-8EC7-23AAD8D586F5}.Release|Any CPU.Build.0 = Release|Any CPU
		{99ECB58D-3415-498E-9A4A-675ADE0F2285}.Debug|Any CPU.ActiveCfg = Debug|Any CPU
		{99ECB58D-3415-498E-9A4A-675ADE0F2285}.Debug|Any CPU.Build.0 = Debug|Any CPU
		{99ECB58D-3415-498E-9A4A-675ADE0F2285}.Release|Any CPU.ActiveCfg = Release|Any CPU
		{99ECB58D-3415-498E-9A4A-675ADE0F2285}.Release|Any CPU.Build.0 = Release|Any CPU
		{01811FD2-4A31-47F7-B9CD-931AA27A16E4}.Debug|Any CPU.ActiveCfg = Debug|Any CPU
		{01811FD2-4A31-47F7-B9CD-931AA27A16E4}.Debug|Any CPU.Build.0 = Debug|Any CPU
		{01811FD2-4A31-47F7-B9CD-931AA27A16E4}.Release|Any CPU.ActiveCfg = Release|Any CPU
		{01811FD2-4A31-47F7-B9CD-931AA27A16E4}.Release|Any CPU.Build.0 = Release|Any CPU
	EndGlobalSection
	GlobalSection(SolutionProperties) = preSolution
		HideSolutionNode = FALSE
	EndGlobalSection
	GlobalSection(ExtensibilityGlobals) = postSolution
		SolutionGuid = {074F5EA9-0C86-4488-A328-8933CE345986}
	EndGlobalSection
EndGlobal
